<?xml version="1.0" encoding="utf-8"?>
<Project ToolsVersion="4.0" xmlns="http://schemas.microsoft.com/developer/msbuild/2003">
  <ItemGroup>
    <Filter Include="Source Files">
      <UniqueIdentifier>{4FC737F1-C7A5-4376-A066-2A32D752A2FF}</UniqueIdentifier>
      <Extensions>cpp;c;cc;cxx;c++;cppm;ixx;def;odl;idl;hpj;bat;asm;asmx</Extensions>
    </Filter>
    <Filter Include="Header Files">
      <UniqueIdentifier>{93995380-89BD-4b04-88EB-625FBE52EBFB}</UniqueIdentifier>
      <Extensions>h;hh;hpp;hxx;h++;hm;inl;inc;ipp;xsd</Extensions>
    </Filter>
    <Filter Include="Resource Files">
      <UniqueIdentifier>{67DA6AB6-F800-4c08-8B7A-83BB121AAD01}</UniqueIdentifier>
      <Extensions>rc;ico;cur;bmp;dlg;rc2;rct;bin;rgs;gif;jpg;jpeg;jpe;resx;tiff;tif;png;wav;mfcribbon-ms</Extensions>
    </Filter>
  </ItemGroup>
  <ItemGroup>
    <ClInclude Include="dc_buf.h">
      <Filter>Header Files</Filter>
    </ClInclude>
    <ClInclude Include="drawable.h">
      <Filter>Header Files</Filter>
    </ClInclude>
    <ClInclude Include="technique_factory.h">
      <Filter>Header Files</Filter>
    </ClInclude>
    <ClInclude Include="stage_manager.h">
      <Filter>Header Files</Filter>
    </ClInclude>
    <ClInclude Include="technique.h">
      <Filter>Header Files</Filter>
    </ClInclude>
    <ClInclude Include="app.h">
      <Filter>Header Files</Filter>
    </ClInclude>
    <ClInclude Include="fullscreen_blend.h">
      <Filter>Header Files</Filter>
    </ClInclude>
    <ClInclude Include="dynamic_cbuffer.h">
      <Filter>Header Files</Filter>
    </ClInclude>
    <ClInclude Include="graphics.h">
      <Filter>Header Files</Filter>
    </ClInclude>
    <ClInclude Include="render_target.h">
      <Filter>Header Files</Filter>
    </ClInclude>
    <ClInclude Include="shader_component_register.h">
      <Filter>Header Files</Filter>
    </ClInclude>
    <ClInclude Include="dx_component_base.h">
      <Filter>Header Files</Filter>
    </ClInclude>
    <ClInclude Include="depth_stencil_buffer.h">
      <Filter>Header Files</Filter>
    </ClInclude>
    <ClInclude Include="dx_component.h">
      <Filter>Header Files</Filter>
    </ClInclude>
    <ClInclude Include="depth_stencil_state.h">
      <Filter>Header Files</Filter>
    </ClInclude>
    <ClInclude Include="picker.h">
      <Filter>Header Files</Filter>
    </ClInclude>
    <ClInclude Include="vertex.h">
      <Filter>Header Files</Filter>
    </ClInclude>
    <ClInclude Include="constant_buffers.h">
      <Filter>Header Files</Filter>
    </ClInclude>
    <ClInclude Include="surface.h">
      <Filter>Header Files</Filter>
    </ClInclude>
    <ClInclude Include="vertex_buffer.h">
      <Filter>Header Files</Filter>
    </ClInclude>
    <ClInclude Include="basic_geometry.h">
      <Filter>Header Files</Filter>
    </ClInclude>
    <ClInclude Include="line.h">
      <Filter>Header Files</Filter>
    </ClInclude>
    <ClInclude Include="mesh.h">
      <Filter>Header Files</Filter>
    </ClInclude>
    <ClInclude Include="mouse.h">
      <Filter>Header Files</Filter>
    </ClInclude>
    <ClInclude Include="camera.h">
      <Filter>Header Files</Filter>
    </ClInclude>
    <ClInclude Include="vertex_shader.h">
      <Filter>Header Files</Filter>
    </ClInclude>
    <ClInclude Include="texture.h">
      <Filter>Header Files</Filter>
    </ClInclude>
    <ClInclude Include="sphere.h">
      <Filter>Header Files</Filter>
    </ClInclude>
    <ClInclude Include="sampler.h">
      <Filter>Header Files</Filter>
    </ClInclude>
    <ClInclude Include="rasterizer.h">
      <Filter>Header Files</Filter>
    </ClInclude>
    <ClInclude Include="primitive_topology.h">
      <Filter>Header Files</Filter>
    </ClInclude>
    <ClInclude Include="point_light.h">
      <Filter>Header Files</Filter>
    </ClInclude>
    <ClInclude Include="pixel_shader.h">
      <Filter>Header Files</Filter>
    </ClInclude>
    <ClInclude Include="input_layout.h">
      <Filter>Header Files</Filter>
    </ClInclude>
    <ClInclude Include="exeption.h">
      <Filter>Header Files</Filter>
    </ClInclude>
    <ClInclude Include="directx_tex\include\scoped.h">
      <Filter>Header Files</Filter>
    </ClInclude>
    <ClInclude Include="directx_tex\include\d3dx12.h">
      <Filter>Header Files</Filter>
    </ClInclude>
    <ClInclude Include="directx_tex\include\filters.h">
      <Filter>Header Files</Filter>
    </ClInclude>
    <ClInclude Include="directx_tex\include\DirectXTexP.h">
      <Filter>Header Files</Filter>
    </ClInclude>
    <ClInclude Include="directx_tex\include\DirectXTex.h">
      <Filter>Header Files</Filter>
    </ClInclude>
    <ClInclude Include="directx_tex\include\BCDirectCompute.h">
      <Filter>Header Files</Filter>
    </ClInclude>
    <ClInclude Include="directx_tex\include\BC.h">
      <Filter>Header Files</Filter>
    </ClInclude>
    <ClInclude Include="codex.h">
      <Filter>Header Files</Filter>
    </ClInclude>
    <ClInclude Include="blender.h">
      <Filter>Header Files</Filter>
    </ClInclude>
    <ClInclude Include="transform_constant_buffer.h">
      <Filter>Header Files</Filter>
    </ClInclude>
    <ClInclude Include="gdiplus_manager.h">
      <Filter>Header Files</Filter>
    </ClInclude>
    <ClInclude Include="box.h">
      <Filter>Header Files</Filter>
    </ClInclude>
    <ClInclude Include="better_windows.h">
      <Filter>Header Files</Filter>
    </ClInclude>
    <ClInclude Include="basic_utility.h">
      <Filter>Header Files</Filter>
    </ClInclude>
    <ClInclude Include="index_buffer.h">
      <Filter>Header Files</Filter>
    </ClInclude>
    <ClInclude Include="viewport.h">
      <Filter>Header Files</Filter>
    </ClInclude>
    <ClInclude Include="Window.h">
      <Filter>Header Files</Filter>
    </ClInclude>
    <ClInclude Include="keyboard.h">
      <Filter>Header Files</Filter>
    </ClInclude>
    <ClInclude Include="imgui_impl_win32.h">
      <Filter>Header Files</Filter>
    </ClInclude>
    <ClInclude Include="imgui_manager.h">
      <Filter>Header Files</Filter>
    </ClInclude>
    <ClInclude Include="imgui_impl_dx11.h">
      <Filter>Header Files</Filter>
    </ClInclude>
    <ClInclude Include="imgui.h">
      <Filter>Header Files</Filter>
    </ClInclude>
    <ClInclude Include="imstb_textedit.h">
      <Filter>Header Files</Filter>
    </ClInclude>
    <ClInclude Include="imstb_truetype.h">
      <Filter>Header Files</Filter>
    </ClInclude>
    <ClInclude Include="imstb_rectpack.h">
      <Filter>Header Files</Filter>
    </ClInclude>
    <ClInclude Include="imgui_internal.h">
      <Filter>Header Files</Filter>
    </ClInclude>
    <ClInclude Include="imconfig.h">
      <Filter>Header Files</Filter>
    </ClInclude>
    <ClInclude Include="timer.h">
      <Filter>Header Files</Filter>
    </ClInclude>
    <ClInclude Include="Vec2.h">
      <Filter>Header Files</Filter>
    </ClInclude>
    <ClInclude Include="resource.h">
      <Filter>Header Files</Filter>
    </ClInclude>
  </ItemGroup>
  <ItemGroup>
    <ClCompile Include="imgui_impl_win32.cpp">
      <Filter>Source Files</Filter>
    </ClCompile>
    <ClCompile Include="imgui_manager.cpp">
      <Filter>Source Files</Filter>
    </ClCompile>
    <ClCompile Include="imgui_tables.cpp">
      <Filter>Source Files</Filter>
    </ClCompile>
    <ClCompile Include="imgui_widgets.cpp">
      <Filter>Source Files</Filter>
    </ClCompile>
    <ClCompile Include="imgui.cpp">
      <Filter>Source Files</Filter>
    </ClCompile>
    <ClCompile Include="imgui_draw.cpp">
      <Filter>Source Files</Filter>
    </ClCompile>
    <ClCompile Include="imgui_demo.cpp">
      <Filter>Source Files</Filter>
    </ClCompile>
    <ClCompile Include="imgui_impl_dx11.cpp">
      <Filter>Source Files</Filter>
    </ClCompile>
    <ClCompile Include="viewport.cpp">
      <Filter>Source Files</Filter>
    </ClCompile>
    <ClCompile Include="constant_buffers.cpp">
      <Filter>Source Files</Filter>
    </ClCompile>
    <ClCompile Include="WinMain.cpp">
      <Filter>Source Files</Filter>
    </ClCompile>
    <ClCompile Include="exeption.cpp">
      <Filter>Source Files</Filter>
    </ClCompile>
    <ClCompile Include="timer.cpp">
      <Filter>Source Files</Filter>
    </ClCompile>
    <ClCompile Include="sphere.cpp">
      <Filter>Source Files</Filter>
    </ClCompile>
    <ClCompile Include="line.cpp">
      <Filter>Source Files</Filter>
    </ClCompile>
    <ClCompile Include="mesh.cpp">
      <Filter>Source Files</Filter>
    </ClCompile>
    <ClCompile Include="drawable.cpp">
      <Filter>Source Files</Filter>
    </ClCompile>
    <ClCompile Include="app.cpp">
      <Filter>Source Files</Filter>
    </ClCompile>
    <ClCompile Include="fullscreen_blend.cpp">
      <Filter>Source Files</Filter>
    </ClCompile>
    <ClCompile Include="dynamic_cbuffer.cpp">
      <Filter>Source Files</Filter>
    </ClCompile>
    <ClCompile Include="depth_stencil_state.cpp">
      <Filter>Source Files</Filter>
    </ClCompile>
    <ClCompile Include="graphics.cpp">
      <Filter>Source Files</Filter>
    </ClCompile>
    <ClCompile Include="render_target.cpp">
      <Filter>Source Files</Filter>
    </ClCompile>
    <ClCompile Include="depth_stencil_buffer.cpp">
      <Filter>Source Files</Filter>
    </ClCompile>
    <ClCompile Include="picker.cpp">
      <Filter>Source Files</Filter>
    </ClCompile>
    <ClCompile Include="point_light.cpp">
      <Filter>Source Files</Filter>
    </ClCompile>
    <ClCompile Include="surface.cpp">
      <Filter>Source Files</Filter>
    </ClCompile>
    <ClCompile Include="Window.cpp">
      <Filter>Source Files</Filter>
    </ClCompile>
    <ClCompile Include="camera.cpp">
      <Filter>Source Files</Filter>
    </ClCompile>
    <ClCompile Include="vertex_buffer.cpp">
      <Filter>Source Files</Filter>
    </ClCompile>
    <ClCompile Include="vertex_shader.cpp">
      <Filter>Source Files</Filter>
    </ClCompile>
    <ClCompile Include="texture.cpp">
      <Filter>Source Files</Filter>
    </ClCompile>
    <ClCompile Include="sampler.cpp">
      <Filter>Source Files</Filter>
    </ClCompile>
    <ClCompile Include="rasterizer.cpp">
      <Filter>Source Files</Filter>
    </ClCompile>
    <ClCompile Include="primitive_topology.cpp">
      <Filter>Source Files</Filter>
    </ClCompile>
    <ClCompile Include="pixel_shader.cpp">
      <Filter>Source Files</Filter>
    </ClCompile>
    <ClCompile Include="input_layout.cpp">
      <Filter>Source Files</Filter>
    </ClCompile>
    <ClCompile Include="index_buffer.cpp">
      <Filter>Source Files</Filter>
    </ClCompile>
    <ClCompile Include="blender.cpp">
      <Filter>Source Files</Filter>
    </ClCompile>
    <ClCompile Include="transform_constant_buffer.cpp">
      <Filter>Source Files</Filter>
    </ClCompile>
    <ClCompile Include="codex.cpp">
      <Filter>Source Files</Filter>
    </ClCompile>
    <ClCompile Include="box.cpp">
      <Filter>Source Files</Filter>
    </ClCompile>
    <ClCompile Include="mouse.cpp">
      <Filter>Source Files</Filter>
    </ClCompile>
    <ClCompile Include="keyboard.cpp">
      <Filter>Source Files</Filter>
    </ClCompile>
  </ItemGroup>
</Project>